
Microsoft Visual Studio Solution File, Format Version 12.00
# Visual Studio Version 17
VisualStudioVersion = 17.14.36518.9 d17.14
MinimumVisualStudioVersion = 10.0.40219.1
Project("{FAE04EC0-301F-11D3-BF4B-00C04F79EFBC}") = "student-manager-app", "student-manager-app\student-manager-app.csproj", "{2422AE0D-E066-4C1E-9FA2-4CC7430693E9}"
EndProject
Global
	GlobalSection(SolutionConfigurationPlatforms) = preSolution
		Debug|Any CPU = Debug|Any CPU
		Release|Any CPU = Release|Any CPU
	EndGlobalSection
	GlobalSection(ProjectConfigurationPlatforms) = postSolution
		{2422AE0D-E066-4C1E-9FA2-4CC7430693E9}.Debug|Any CPU.ActiveCfg = Debug|Any CPU
		{2422AE0D-E066-4C1E-9FA2-4CC7430693E9}.Debug|Any CPU.Build.0 = Debug|Any CPU
		{2422AE0D-E066-4C1E-9FA2-4CC7430693E9}.Release|Any CPU.ActiveCfg = Release|Any CPU
		{2422AE0D-E066-4C1E-9FA2-4CC7430693E9}.Release|Any CPU.Build.0 = Release|Any CPU
	EndGlobalSection
	GlobalSection(SolutionProperties) = preSolution
		HideSolutionNode = FALSE
	EndGlobalSection
	GlobalSection(ExtensibilityGlobals) = postSolution
		SolutionGuid = {E40B30F9-8DC4-4C8B-AB6A-165E5E229C47}
	EndGlobalSection
EndGlobal
